// !$*UTF8*$!
{
	archiveVersion = 1;
	classes = {
	};
	objectVersion = 56;
	objects = {

/* Begin PBXBuildFile section */
		6C067DAF2A38BF060014FDD8 /* PokedexMVVMApp.swift in Sources */ = {isa = PBXBuildFile; fileRef = 6C067DAE2A38BF060014FDD8 /* PokedexMVVMApp.swift */; };
		6C067DB12A38BF060014FDD8 /* PokedexListView.swift in Sources */ = {isa = PBXBuildFile; fileRef = 6C067DB02A38BF060014FDD8 /* PokedexListView.swift */; };
		6C067DB32A38BF080014FDD8 /* Assets.xcassets in Resources */ = {isa = PBXBuildFile; fileRef = 6C067DB22A38BF080014FDD8 /* Assets.xcassets */; };
		6C067DB62A38BF080014FDD8 /* Preview Assets.xcassets in Resources */ = {isa = PBXBuildFile; fileRef = 6C067DB52A38BF080014FDD8 /* Preview Assets.xcassets */; };
		6C067DBF2A38C0320014FDD8 /* PokemonModel.swift in Sources */ = {isa = PBXBuildFile; fileRef = 6C067DBE2A38C0320014FDD8 /* PokemonModel.swift */; };
		6C067DC12A38C1A80014FDD8 /* PokemonViewModel.swift in Sources */ = {isa = PBXBuildFile; fileRef = 6C067DC02A38C1A80014FDD8 /* PokemonViewModel.swift */; };
		6C633F972A54D9F20025B7C4 /* NetworkManager.swift in Sources */ = {isa = PBXBuildFile; fileRef = 6C633F962A54D9F20025B7C4 /* NetworkManager.swift */; };
		6C633F992A54DCCF0025B7C4 /* AlertItem.swift in Sources */ = {isa = PBXBuildFile; fileRef = 6C633F982A54DCCF0025B7C4 /* AlertItem.swift */; };
		6C633F9E2A54DF860025B7C4 /* PokemonDetailView.swift in Sources */ = {isa = PBXBuildFile; fileRef = 6C633F9D2A54DF860025B7C4 /* PokemonDetailView.swift */; };
		6C633FA02A54E0320025B7C4 /* RemoteImageView.swift in Sources */ = {isa = PBXBuildFile; fileRef = 6C633F9F2A54E0320025B7C4 /* RemoteImageView.swift */; };
		6C633FA22A54EDBD0025B7C4 /* PokemonCellView.swift in Sources */ = {isa = PBXBuildFile; fileRef = 6C633FA12A54EDBD0025B7C4 /* PokemonCellView.swift */; };
/* End PBXBuildFile section */

/* Begin PBXFileReference section */
		6C067DAB2A38BF060014FDD8 /* PokedexMVVM.app */ = {isa = PBXFileReference; explicitFileType = wrapper.application; includeInIndex = 0; path = PokedexMVVM.app; sourceTree = BUILT_PRODUCTS_DIR; };
		6C067DAE2A38BF060014FDD8 /* PokedexMVVMApp.swift */ = {isa = PBXFileReference; lastKnownFileType = sourcecode.swift; path = PokedexMVVMApp.swift; sourceTree = "<group>"; };
		6C067DB02A38BF060014FDD8 /* PokedexListView.swift */ = {isa = PBXFileReference; lastKnownFileType = sourcecode.swift; path = PokedexListView.swift; sourceTree = "<group>"; };
		6C067DB22A38BF080014FDD8 /* Assets.xcassets */ = {isa = PBXFileReference; lastKnownFileType = folder.assetcatalog; path = Assets.xcassets; sourceTree = "<group>"; };
		6C067DB52A38BF080014FDD8 /* Preview Assets.xcassets */ = {isa = PBXFileReference; lastKnownFileType = folder.assetcatalog; path = "Preview Assets.xcassets"; sourceTree = "<group>"; };
		6C067DBE2A38C0320014FDD8 /* PokemonModel.swift */ = {isa = PBXFileReference; lastKnownFileType = sourcecode.swift; path = PokemonModel.swift; sourceTree = "<group>"; };
		6C067DC02A38C1A80014FDD8 /* PokemonViewModel.swift */ = {isa = PBXFileReference; lastKnownFileType = sourcecode.swift; path = PokemonViewModel.swift; sourceTree = "<group>"; };
		6C633F962A54D9F20025B7C4 /* NetworkManager.swift */ = {isa = PBXFileReference; lastKnownFileType = sourcecode.swift; path = NetworkManager.swift; sourceTree = "<group>"; };
		6C633F982A54DCCF0025B7C4 /* AlertItem.swift */ = {isa = PBXFileReference; fileEncoding = 4; lastKnownFileType = sourcecode.swift; path = AlertItem.swift; sourceTree = "<group>"; };
		6C633F9D2A54DF860025B7C4 /* PokemonDetailView.swift */ = {isa = PBXFileReference; lastKnownFileType = sourcecode.swift; path = PokemonDetailView.swift; sourceTree = "<group>"; };
		6C633F9F2A54E0320025B7C4 /* RemoteImageView.swift */ = {isa = PBXFileReference; lastKnownFileType = sourcecode.swift; path = RemoteImageView.swift; sourceTree = "<group>"; };
		6C633FA12A54EDBD0025B7C4 /* PokemonCellView.swift */ = {isa = PBXFileReference; lastKnownFileType = sourcecode.swift; path = PokemonCellView.swift; sourceTree = "<group>"; };
/* End PBXFileReference section */

/* Begin PBXFrameworksBuildPhase section */
		6C067DA82A38BF060014FDD8 /* Frameworks */ = {
			isa = PBXFrameworksBuildPhase;
			buildActionMask = 2147483647;
			files = (
			);
			runOnlyForDeploymentPostprocessing = 0;
		};
/* End PBXFrameworksBuildPhase section */

/* Begin PBXGroup section */
		6C067DA22A38BF060014FDD8 = {
			isa = PBXGroup;
			children = (
				6C067DAD2A38BF060014FDD8 /* PokedexMVVM */,
				6C067DAC2A38BF060014FDD8 /* Products */,
			);
			sourceTree = "<group>";
		};
		6C067DAC2A38BF060014FDD8 /* Products */ = {
			isa = PBXGroup;
			children = (
				6C067DAB2A38BF060014FDD8 /* PokedexMVVM.app */,
			);
			name = Products;
			sourceTree = "<group>";
		};
		6C067DAD2A38BF060014FDD8 /* PokedexMVVM */ = {
			isa = PBXGroup;
			children = (
				6C067DAE2A38BF060014FDD8 /* PokedexMVVMApp.swift */,
				6C633F9C2A54DF610025B7C4 /* View */,
				6C067DB22A38BF080014FDD8 /* Assets.xcassets */,
				6C067DB42A38BF080014FDD8 /* Preview Content */,
				6C067DBE2A38C0320014FDD8 /* PokemonModel.swift */,
				6C633F9B2A54DCED0025B7C4 /* ViewModel */,
				6C633F9A2A54DCD20025B7C4 /* Utilities */,
			);
			path = PokedexMVVM;
			sourceTree = "<group>";
		};
		6C067DB42A38BF080014FDD8 /* Preview Content */ = {
			isa = PBXGroup;
			children = (
				6C067DB52A38BF080014FDD8 /* Preview Assets.xcassets */,
			);
			path = "Preview Content";
			sourceTree = "<group>";
		};
		6C633F9A2A54DCD20025B7C4 /* Utilities */ = {
			isa = PBXGroup;
			children = (
				6C633F982A54DCCF0025B7C4 /* AlertItem.swift */,
				6C633F962A54D9F20025B7C4 /* NetworkManager.swift */,
				6C633F9F2A54E0320025B7C4 /* RemoteImageView.swift */,
			);
			path = Utilities;
			sourceTree = "<group>";
		};
		6C633F9B2A54DCED0025B7C4 /* ViewModel */ = {
			isa = PBXGroup;
			children = (
				6C067DC02A38C1A80014FDD8 /* PokemonViewModel.swift */,
			);
			path = ViewModel;
			sourceTree = "<group>";
		};
		6C633F9C2A54DF610025B7C4 /* View */ = {
			isa = PBXGroup;
			children = (
				6C067DB02A38BF060014FDD8 /* PokedexListView.swift */,
				6C633F9D2A54DF860025B7C4 /* PokemonDetailView.swift */,
				6C633FA12A54EDBD0025B7C4 /* PokemonCellView.swift */,
			);
			path = View;
			sourceTree = "<group>";
		};
/* End PBXGroup section */

/* Begin PBXNativeTarget section */
		6C067DAA2A38BF060014FDD8 /* PokedexMVVM */ = {
			isa = PBXNativeTarget;
			buildConfigurationList = 6C067DB92A38BF080014FDD8 /* Build configuration list for PBXNativeTarget "PokedexMVVM" */;
			buildPhases = (
				6C067DA72A38BF060014FDD8 /* Sources */,
				6C067DA82A38BF060014FDD8 /* Frameworks */,
				6C067DA92A38BF060014FDD8 /* Resources */,
			);
			buildRules = (
			);
			dependencies = (
			);
			name = PokedexMVVM;
			productName = PokedexMVVM;
			productReference = 6C067DAB2A38BF060014FDD8 /* PokedexMVVM.app */;
			productType = "com.apple.product-type.application";
		};
/* End PBXNativeTarget section */

/* Begin PBXProject section */
		6C067DA32A38BF060014FDD8 /* Project object */ = {
			isa = PBXProject;
			attributes = {
				BuildIndependentTargetsInParallel = 1;
				LastSwiftUpdateCheck = 1430;
				LastUpgradeCheck = 1430;
				TargetAttributes = {
					6C067DAA2A38BF060014FDD8 = {
						CreatedOnToolsVersion = 14.3.1;
					};
				};
			};
			buildConfigurationList = 6C067DA62A38BF060014FDD8 /* Build configuration list for PBXProject "PokedexMVVM" */;
			compatibilityVersion = "Xcode 14.0";
			developmentRegion = en;
			hasScannedForEncodings = 0;
			knownRegions = (
				en,
				Base,
			);
			mainGroup = 6C067DA22A38BF060014FDD8;
			productRefGroup = 6C067DAC2A38BF060014FDD8 /* Products */;
			projectDirPath = "";
			projectRoot = "";
			targets = (
				6C067DAA2A38BF060014FDD8 /* PokedexMVVM */,
			);
		};
/* End PBXProject section */

/* Begin PBXResourcesBuildPhase section */
		6C067DA92A38BF060014FDD8 /* Resources */ = {
			isa = PBXResourcesBuildPhase;
			buildActionMask = 2147483647;
			files = (
				6C067DB62A38BF080014FDD8 /* Preview Assets.xcassets in Resources */,
				6C067DB32A38BF080014FDD8 /* Assets.xcassets in Resources */,
			);
			runOnlyForDeploymentPostprocessing = 0;
		};
/* End PBXResourcesBuildPhase section */

/* Begin PBXSourcesBuildPhase section */
		6C067DA72A38BF060014FDD8 /* Sources */ = {
			isa = PBXSourcesBuildPhase;
			buildActionMask = 2147483647;
			files = (
				6C633FA22A54EDBD0025B7C4 /* PokemonCellView.swift in Sources */,
				6C633F972A54D9F20025B7C4 /* NetworkManager.swift in Sources */,
				6C633F992A54DCCF0025B7C4 /* AlertItem.swift in Sources */,
				6C633FA02A54E0320025B7C4 /* RemoteImageView.swift in Sources */,
				6C067DB12A38BF060014FDD8 /* PokedexListView.swift in Sources */,
				6C067DC12A38C1A80014FDD8 /* PokemonViewModel.swift in Sources */,
				6C067DAF2A38BF060014FDD8 /* PokedexMVVMApp.swift in Sources */,
				6C633F9E2A54DF860025B7C4 /* PokemonDetailView.swift in Sources */,
				6C067DBF2A38C0320014FDD8 /* PokemonModel.swift in Sources */,
			);
			runOnlyForDeploymentPostprocessing = 0;
		};
/* End PBXSourcesBuildPhase section */

/* Begin XCBuildConfiguration section */
		6C067DB72A38BF080014FDD8 /* Debug */ = {
			isa = XCBuildConfiguration;
			buildSettings = {
				ALWAYS_SEARCH_USER_PATHS = NO;
				CLANG_ANALYZER_NONNULL = YES;
				CLANG_ANALYZER_NUMBER_OBJECT_CONVERSION = YES_AGGRESSIVE;
				CLANG_CXX_LANGUAGE_STANDARD = "gnu++20";
				CLANG_ENABLE_MODULES = YES;
				CLANG_ENABLE_OBJC_ARC = YES;
				CLANG_ENABLE_OBJC_WEAK = YES;
				CLANG_WARN_BLOCK_CAPTURE_AUTORELEASING = YES;
				CLANG_WARN_BOOL_CONVERSION = YES;
				CLANG_WARN_COMMA = YES;
				CLANG_WARN_CONSTANT_CONVERSION = YES;
				CLANG_WARN_DEPRECATED_OBJC_IMPLEMENTATIONS = YES;
				CLANG_WARN_DIRECT_OBJC_ISA_USAGE = YES_ERROR;
				CLANG_WARN_DOCUMENTATION_COMMENTS = YES;
				CLANG_WARN_EMPTY_BODY = YES;
				CLANG_WARN_ENUM_CONVERSION = YES;
				CLANG_WARN_INFINITE_RECURSION = YES;
				CLANG_WARN_INT_CONVERSION = YES;
				CLANG_WARN_NON_LITERAL_NULL_CONVERSION = YES;
				CLANG_WARN_OBJC_IMPLICIT_RETAIN_SELF = YES;
				CLANG_WARN_OBJC_LITERAL_CONVERSION = YES;
				CLANG_WARN_OBJC_ROOT_CLASS = YES_ERROR;
				CLANG_WARN_QUOTED_INCLUDE_IN_FRAMEWORK_HEADER = YES;
				CLANG_WARN_RANGE_LOOP_ANALYSIS = YES;
				CLANG_WARN_STRICT_PROTOTYPES = YES;
				CLANG_WARN_SUSPICIOUS_MOVE = YES;
				CLANG_WARN_UNGUARDED_AVAILABILITY = YES_AGGRESSIVE;
				CLANG_WARN_UNREACHABLE_CODE = YES;
				CLANG_WARN__DUPLICATE_METHOD_MATCH = YES;
				COPY_PHASE_STRIP = NO;
				DEBUG_INFORMATION_FORMAT = dwarf;
				ENABLE_STRICT_OBJC_MSGSEND = YES;
				ENABLE_TESTABILITY = YES;
				GCC_C_LANGUAGE_STANDARD = gnu11;
				GCC_DYNAMIC_NO_PIC = NO;
				GCC_NO_COMMON_BLOCKS = YES;
				GCC_OPTIMIZATION_LEVEL = 0;
				GCC_PREPROCESSOR_DEFINITIONS = (
					"DEBUG=1",
					"$(inherited)",
				);
				GCC_WARN_64_TO_32_BIT_CONVERSION = YES;
				GCC_WARN_ABOUT_RETURN_TYPE = YES_ERROR;
				GCC_WARN_UNDECLARED_SELECTOR = YES;
				GCC_WARN_UNINITIALIZED_AUTOS = YES_AGGRESSIVE;
				GCC_WARN_UNUSED_FUNCTION = YES;
				GCC_WARN_UNUSED_VARIABLE = YES;
				IPHONEOS_DEPLOYMENT_TARGET = 16.4;
				MTL_ENABLE_DEBUG_INFO = INCLUDE_SOURCE;
				MTL_FAST_MATH = YES;
				ONLY_ACTIVE_ARCH = YES;
				SDKROOT = iphoneos;
				SWIFT_ACTIVE_COMPILATION_CONDITIONS = DEBUG;
				SWIFT_OPTIMIZATION_LEVEL = "-Onone";
			};
			name = Debug;
		};
		6C067DB82A38BF080014FDD8 /* Release */ = {
			isa = XCBuildConfiguration;
			buildSettings = {
				ALWAYS_SEARCH_USER_PATHS = NO;
				CLANG_ANALYZER_NONNULL = YES;
				CLANG_ANALYZER_NUMBER_OBJECT_CONVERSION = YES_AGGRESSIVE;
				CLANG_CXX_LANGUAGE_STANDARD = "gnu++20";
				CLANG_ENABLE_MODULES = YES;
				CLANG_ENABLE_OBJC_ARC = YES;
				CLANG_ENABLE_OBJC_WEAK = YES;
				CLANG_WARN_BLOCK_CAPTURE_AUTORELEASING = YES;
				CLANG_WARN_BOOL_CONVERSION = YES;
				CLANG_WARN_COMMA = YES;
				CLANG_WARN_CONSTANT_CONVERSION = YES;
				CLANG_WARN_DEPRECATED_OBJC_IMPLEMENTATIONS = YES;
				CLANG_WARN_DIRECT_OBJC_ISA_USAGE = YES_ERROR;
				CLANG_WARN_DOCUMENTATION_COMMENTS = YES;
				CLANG_WARN_EMPTY_BODY = YES;
				CLANG_WARN_ENUM_CONVERSION = YES;
				CLANG_WARN_INFINITE_RECURSION = YES;
				CLANG_WARN_INT_CONVERSION = YES;
				CLANG_WARN_NON_LITERAL_NULL_CONVERSION = YES;
				CLANG_WARN_OBJC_IMPLICIT_RETAIN_SELF = YES;
				CLANG_WARN_OBJC_LITERAL_CONVERSION = YES;
				CLANG_WARN_OBJC_ROOT_CLASS = YES_ERROR;
				CLANG_WARN_QUOTED_INCLUDE_IN_FRAMEWORK_HEADER = YES;
				CLANG_WARN_RANGE_LOOP_ANALYSIS = YES;
				CLANG_WARN_STRICT_PROTOTYPES = YES;
				CLANG_WARN_SUSPICIOUS_MOVE = YES;
				CLANG_WARN_UNGUARDED_AVAILABILITY = YES_AGGRESSIVE;
				CLANG_WARN_UNREACHABLE_CODE = YES;
				CLANG_WARN__DUPLICATE_METHOD_MATCH = YES;
				COPY_PHASE_STRIP = NO;
				DEBUG_INFORMATION_FORMAT = "dwarf-with-dsym";
				ENABLE_NS_ASSERTIONS = NO;
				ENABLE_STRICT_OBJC_MSGSEND = YES;
				GCC_C_LANGUAGE_STANDARD = gnu11;
				GCC_NO_COMMON_BLOCKS = YES;
				GCC_WARN_64_TO_32_BIT_CONVERSION = YES;
				GCC_WARN_ABOUT_RETURN_TYPE = YES_ERROR;
				GCC_WARN_UNDECLARED_SELECTOR = YES;
				GCC_WARN_UNINITIALIZED_AUTOS = YES_AGGRESSIVE;
				GCC_WARN_UNUSED_FUNCTION = YES;
				GCC_WARN_UNUSED_VARIABLE = YES;
				IPHONEOS_DEPLOYMENT_TARGET = 16.4;
				MTL_ENABLE_DEBUG_INFO = NO;
				MTL_FAST_MATH = YES;
				SDKROOT = iphoneos;
				SWIFT_COMPILATION_MODE = wholemodule;
				SWIFT_OPTIMIZATION_LEVEL = "-O";
				VALIDATE_PRODUCT = YES;
			};
			name = Release;
		};
		6C067DBA2A38BF080014FDD8 /* Debug */ = {
			isa = XCBuildConfiguration;
			buildSettings = {
				ASSETCATALOG_COMPILER_APPICON_NAME = AppIcon;
				ASSETCATALOG_COMPILER_GLOBAL_ACCENT_COLOR_NAME = AccentColor;
				CODE_SIGN_STYLE = Automatic;
				CURRENT_PROJECT_VERSION = 1;
				DEVELOPMENT_ASSET_PATHS = "\"PokedexMVVM/Preview Content\"";
				DEVELOPMENT_TEAM = 28Z45T22J2;
				ENABLE_PREVIEWS = YES;
				GENERATE_INFOPLIST_FILE = YES;
				INFOPLIST_KEY_UIApplicationSceneManifest_Generation = YES;
				INFOPLIST_KEY_UIApplicationSupportsIndirectInputEvents = YES;
				INFOPLIST_KEY_UILaunchScreen_Generation = YES;
				INFOPLIST_KEY_UISupportedInterfaceOrientations_iPad = "UIInterfaceOrientationPortrait UIInterfaceOrientationPortraitUpsideDown UIInterfaceOrientationLandscapeLeft UIInterfaceOrientationLandscapeRight";
				INFOPLIST_KEY_UISupportedInterfaceOrientations_iPhone = "UIInterfaceOrientationPortrait UIInterfaceOrientationLandscapeLeft UIInterfaceOrientationLandscapeRight";
				LD_RUNPATH_SEARCH_PATHS = (
					"$(inherited)",
					"@executable_path/Frameworks",
				);
				MARKETING_VERSION = 1.0;
				PRODUCT_BUNDLE_IDENTIFIER = com.rotadevsolutions.PokedexMVVM;
				PRODUCT_NAME = "$(TARGET_NAME)";
				SWIFT_EMIT_LOC_STRINGS = YES;
				SWIFT_VERSION = 5.0;
				TARGETED_DEVICE_FAMILY = "1,2";
			};
			name = Debug;
		};
		6C067DBB2A38BF080014FDD8 /* Release */ = {
			isa = XCBuildConfiguration;
			buildSettings = {
				ASSETCATALOG_COMPILER_APPICON_NAME = AppIcon;
				ASSETCATALOG_COMPILER_GLOBAL_ACCENT_COLOR_NAME = AccentColor;
				CODE_SIGN_STYLE = Automatic;
				CURRENT_PROJECT_VERSION = 1;
				DEVELOPMENT_ASSET_PATHS = "\"PokedexMVVM/Preview Content\"";
				DEVELOPMENT_TEAM = 28Z45T22J2;
				ENABLE_PREVIEWS = YES;
				GENERATE_INFOPLIST_FILE = YES;
				INFOPLIST_KEY_UIApplicationSceneManifest_Generation = YES;
				INFOPLIST_KEY_UIApplicationSupportsIndirectInputEvents = YES;
				INFOPLIST_KEY_UILaunchScreen_Generation = YES;
				INFOPLIST_KEY_UISupportedInterfaceOrientations_iPad = "UIInterfaceOrientationPortrait UIInterfaceOrientationPortraitUpsideDown UIInterfaceOrientationLandscapeLeft UIInterfaceOrientationLandscapeRight";
				INFOPLIST_KEY_UISupportedInterfaceOrientations_iPhone = "UIInterfaceOrientationPortrait UIInterfaceOrientationLandscapeLeft UIInterfaceOrientationLandscapeRight";
				LD_RUNPATH_SEARCH_PATHS = (
					"$(inherited)",
					"@executable_path/Frameworks",
				);
				MARKETING_VERSION = 1.0;
				PRODUCT_BUNDLE_IDENTIFIER = com.rotadevsolutions.PokedexMVVM;
				PRODUCT_NAME = "$(TARGET_NAME)";
				SWIFT_EMIT_LOC_STRINGS = YES;
				SWIFT_VERSION = 5.0;
				TARGETED_DEVICE_FAMILY = "1,2";
			};
			name = Release;
		};
/* End XCBuildConfiguration section */

/* Begin XCConfigurationList section */
		6C067DA62A38BF060014FDD8 /* Build configuration list for PBXProject "PokedexMVVM" */ = {
			isa = XCConfigurationList;
			buildConfigurations = (
				6C067DB72A38BF080014FDD8 /* Debug */,
				6C067DB82A38BF080014FDD8 /* Release */,
			);
			defaultConfigurationIsVisible = 0;
			defaultConfigurationName = Release;
		};
		6C067DB92A38BF080014FDD8 /* Build configuration list for PBXNativeTarget "PokedexMVVM" */ = {
			isa = XCConfigurationList;
			buildConfigurations = (
				6C067DBA2A38BF080014FDD8 /* Debug */,
				6C067DBB2A38BF080014FDD8 /* Release */,
			);
			defaultConfigurationIsVisible = 0;
			defaultConfigurationName = Release;
		};
/* End XCConfigurationList section */
	};
	rootObject = 6C067DA32A38BF060014FDD8 /* Project object */;
}
